hash: 1def4c114c09b45a73a0439a41f0148ebb0120a833fd389c576c8095ab71386f
updated: 2020-07-22T10:15:49.043675+08:00
imports:
- name: github.com/gin-gonic/gin
  version: b869fe1415e4b9eb52f247441830d502aece2d4d
- name: github.com/go-sql-driver/mysql
  version: 73dc904a9ece5c074295a77abb7a135797a351bf
testImports: []
